
Microsoft Visual Studio Solution File, Format Version 12.00
# Visual Studio Version 17
VisualStudioVersion = 17.11.35222.181
MinimumVisualStudioVersion = 10.0.40219.1
Project("{FAE04EC0-301F-11D3-BF4B-00C04F79EFBC}") = "HospitalSystem", "HospitalSystem.csproj", "{F8C40B7C-A969-4B51-B6F7-C2A35708C554}"
EndProject
Global
	GlobalSection(SolutionConfigurationPlatforms) = preSolution
		Debug|Any CPU = Debug|Any CPU
		Release|Any CPU = Release|Any CPU
	EndGlobalSection
	GlobalSection(ProjectConfigurationPlatforms) = postSolution
		{F8C40B7C-A969-4B51-B6F7-C2A35708C554}.Debug|Any CPU.ActiveCfg = Debug|Any CPU
		{F8C40B7C-A969-4B51-B6F7-C2A35708C554}.Debug|Any CPU.Build.0 = Debug|Any CPU
		{F8C40B7C-A969-4B51-B6F7-C2A35708C554}.Release|Any CPU.ActiveCfg = Release|Any CPU
		{F8C40B7C-A969-4B51-B6F7-C2A35708C554}.Release|Any CPU.Build.0 = Release|Any CPU
	EndGlobalSection
	GlobalSection(SolutionProperties) = preSolution
		HideSolutionNode = FALSE
	EndGlobalSection
	GlobalSection(ExtensibilityGlobals) = postSolution
		SolutionGuid = {CD0DC6B6-D436-4B41-98CA-D7E45C4679DF}
	EndGlobalSection
EndGlobal
